
Microsoft Visual Studio Solution File, Format Version 12.00
# Visual Studio Version 16
VisualStudioVersion = 16.0.29503.13
MinimumVisualStudioVersion = 10.0.40219.1
Project("{8BC9CEB8-8B4A-11D0-8D11-00A0C91BC942}") = "Vin Library", "Pharos\Pharos.vcxproj", "{71AA328A-828A-4439-A7DE-702FD36C752E}"
EndProject
Project("{8BC9CEB8-8B4A-11D0-8D11-00A0C91BC942}") = "Vin Library Tests", "PharosTests\PharosTests.vcxproj", "{F952DF93-9388-4986-9A3D-ADF3B25D57D0}"
EndProject
Global
	GlobalSection(SolutionConfigurationPlatforms) = preSolution
		Debug|Any CPU = Debug|Any CPU
		Debug|x64 = Debug|x64
		Debug|x86 = Debug|x86
		Release|Any CPU = Release|Any CPU
		Release|x64 = Release|x64
		Release|x86 = Release|x86
	EndGlobalSection
	GlobalSection(ProjectConfigurationPlatforms) = postSolution
		{71AA328A-828A-4439-A7DE-702FD36C752E}.Debug|Any CPU.ActiveCfg = Debug|Win32
		{71AA328A-828A-4439-A7DE-702FD36C752E}.Debug|x64.ActiveCfg = Debug|x64
		{71AA328A-828A-4439-A7DE-702FD36C752E}.Debug|x64.Build.0 = Debug|x64
		{71AA328A-828A-4439-A7DE-702FD36C752E}.Debug|x86.ActiveCfg = Debug|Win32
		{71AA328A-828A-4439-A7DE-702FD36C752E}.Debug|x86.Build.0 = Debug|Win32
		{71AA328A-828A-4439-A7DE-702FD36C752E}.Release|Any CPU.ActiveCfg = Release|Win32
		{71AA328A-828A-4439-A7DE-702FD36C752E}.Release|x64.ActiveCfg = Release|x64
		{71AA328A-828A-4439-A7DE-702FD36C752E}.Release|x64.Build.0 = Release|x64
		{71AA328A-828A-4439-A7DE-702FD36C752E}.Release|x86.ActiveCfg = Release|Win32
		{71AA328A-828A-4439-A7DE-702FD36C752E}.Release|x86.Build.0 = Release|Win32
		{F952DF93-9388-4986-9A3D-ADF3B25D57D0}.Debug|Any CPU.ActiveCfg = Debug|Win32
		{F952DF93-9388-4986-9A3D-ADF3B25D57D0}.Debug|x64.ActiveCfg = Debug|x64
		{F952DF93-9388-4986-9A3D-ADF3B25D57D0}.Debug|x64.Build.0 = Debug|x64
		{F952DF93-9388-4986-9A3D-ADF3B25D57D0}.Debug|x86.ActiveCfg = Debug|Win32
		{F952DF93-9388-4986-9A3D-ADF3B25D57D0}.Debug|x86.Build.0 = Debug|Win32
		{F952DF93-9388-4986-9A3D-ADF3B25D57D0}.Release|Any CPU.ActiveCfg = Release|Win32
		{F952DF93-9388-4986-9A3D-ADF3B25D57D0}.Release|x64.ActiveCfg = Release|x64
		{F952DF93-9388-4986-9A3D-ADF3B25D57D0}.Release|x64.Build.0 = Release|x64
		{F952DF93-9388-4986-9A3D-ADF3B25D57D0}.Release|x86.ActiveCfg = Release|Win32
		{F952DF93-9388-4986-9A3D-ADF3B25D57D0}.Release|x86.Build.0 = Release|Win32
	EndGlobalSection
	GlobalSection(SolutionProperties) = preSolution
		HideSolutionNode = FALSE
	EndGlobalSection
	GlobalSection(ExtensibilityGlobals) = postSolution
		SolutionGuid = {9FFDC46E-17E7-4646-A322-87F6C9307810}
	EndGlobalSection
EndGlobal
